// !$*UTF8*$!
{
	archiveVersion = 1;
	classes = {
	};
	objectVersion = 50;
	objects = {

/* Begin PBXBuildFile section */
		71D21F09232AAEC30028367E /* AppDelegate.swift in Sources */ = {isa = PBXBuildFile; fileRef = 71D21F08232AAEC30028367E /* AppDelegate.swift */; };
		71D21F0B232AAEC30028367E /* ViewController.swift in Sources */ = {isa = PBXBuildFile; fileRef = 71D21F0A232AAEC30028367E /* ViewController.swift */; };
		71D21F0E232AAEC30028367E /* Main.storyboard in Resources */ = {isa = PBXBuildFile; fileRef = 71D21F0C232AAEC30028367E /* Main.storyboard */; };
		71D21F10232AAEC40028367E /* Assets.xcassets in Resources */ = {isa = PBXBuildFile; fileRef = 71D21F0F232AAEC40028367E /* Assets.xcassets */; };
		71D21F13232AAEC40028367E /* LaunchScreen.storyboard in Resources */ = {isa = PBXBuildFile; fileRef = 71D21F11232AAEC40028367E /* LaunchScreen.storyboard */; };
		71D21F1E232AAEC40028367E /* GitUseExampleTests.swift in Sources */ = {isa = PBXBuildFile; fileRef = 71D21F1D232AAEC40028367E /* GitUseExampleTests.swift */; };
		71D21F29232AAEC40028367E /* GitUseExampleUITests.swift in Sources */ = {isa = PBXBuildFile; fileRef = 71D21F28232AAEC40028367E /* GitUseExampleUITests.swift */; };
/* End PBXBuildFile section */

/* Begin PBXContainerItemProxy section */
		71D21F1A232AAEC40028367E /* PBXContainerItemProxy */ = {
			isa = PBXContainerItemProxy;
			containerPortal = 71D21EFD232AAEC30028367E /* Project object */;
			proxyType = 1;
			remoteGlobalIDString = 71D21F04232AAEC30028367E;
			remoteInfo = GitUseExample;
		};
		71D21F25232AAEC40028367E /* PBXContainerItemProxy */ = {
			isa = PBXContainerItemProxy;
			containerPortal = 71D21EFD232AAEC30028367E /* Project object */;
			proxyType = 1;
			remoteGlobalIDString = 71D21F04232AAEC30028367E;
			remoteInfo = GitUseExample;
		};
/* End PBXContainerItemProxy section */

/* Begin PBXFileReference section */
		71D21F05232AAEC30028367E /* GitUseExample.app */ = {isa = PBXFileReference; explicitFileType = wrapper.application; includeInIndex = 0; path = GitUseExample.app; sourceTree = BUILT_PRODUCTS_DIR; };
		71D21F08232AAEC30028367E /* AppDelegate.swift */ = {isa = PBXFileReference; lastKnownFileType = sourcecode.swift; path = AppDelegate.swift; sourceTree = "<group>"; };
		71D21F0A232AAEC30028367E /* ViewController.swift */ = {isa = PBXFileReference; lastKnownFileType = sourcecode.swift; path = ViewController.swift; sourceTree = "<group>"; };
		71D21F0D232AAEC30028367E /* Base */ = {isa = PBXFileReference; lastKnownFileType = file.storyboard; name = Base; path = Base.lproj/Main.storyboard; sourceTree = "<group>"; };
		71D21F0F232AAEC40028367E /* Assets.xcassets */ = {isa = PBXFileReference; lastKnownFileType = folder.assetcatalog; path = Assets.xcassets; sourceTree = "<group>"; };
		71D21F12232AAEC40028367E /* Base */ = {isa = PBXFileReference; lastKnownFileType = file.storyboard; name = Base; path = Base.lproj/LaunchScreen.storyboard; sourceTree = "<group>"; };
		71D21F14232AAEC40028367E /* Info.plist */ = {isa = PBXFileReference; lastKnownFileType = text.plist.xml; path = Info.plist; sourceTree = "<group>"; };
		71D21F19232AAEC40028367E /* GitUseExampleTests.xctest */ = {isa = PBXFileReference; explicitFileType = wrapper.cfbundle; includeInIndex = 0; path = GitUseExampleTests.xctest; sourceTree = BUILT_PRODUCTS_DIR; };
		71D21F1D232AAEC40028367E /* GitUseExampleTests.swift */ = {isa = PBXFileReference; lastKnownFileType = sourcecode.swift; path = GitUseExampleTests.swift; sourceTree = "<group>"; };
		71D21F1F232AAEC40028367E /* Info.plist */ = {isa = PBXFileReference; lastKnownFileType = text.plist.xml; path = Info.plist; sourceTree = "<group>"; };
		71D21F24232AAEC40028367E /* GitUseExampleUITests.xctest */ = {isa = PBXFileReference; explicitFileType = wrapper.cfbundle; includeInIndex = 0; path = GitUseExampleUITests.xctest; sourceTree = BUILT_PRODUCTS_DIR; };
		71D21F28232AAEC40028367E /* GitUseExampleUITests.swift */ = {isa = PBXFileReference; lastKnownFileType = sourcecode.swift; path = GitUseExampleUITests.swift; sourceTree = "<group>"; };
		71D21F2A232AAEC40028367E /* Info.plist */ = {isa = PBXFileReference; lastKnownFileType = text.plist.xml; path = Info.plist; sourceTree = "<group>"; };
/* End PBXFileReference section */

/* Begin PBXFrameworksBuildPhase section */
		71D21F02232AAEC30028367E /* Frameworks */ = {
			isa = PBXFrameworksBuildPhase;
			buildActionMask = 2147483647;
			files = (
			);
			runOnlyForDeploymentPostprocessing = 0;
		};
		71D21F16232AAEC40028367E /* Frameworks */ = {
			isa = PBXFrameworksBuildPhase;
			buildActionMask = 2147483647;
			files = (
			);
			runOnlyForDeploymentPostprocessing = 0;
		};
		71D21F21232AAEC40028367E /* Frameworks */ = {
			isa = PBXFrameworksBuildPhase;
			buildActionMask = 2147483647;
			files = (
			);
			runOnlyForDeploymentPostprocessing = 0;
		};
/* End PBXFrameworksBuildPhase section */

/* Begin PBXGroup section */
		71D21EFC232AAEC30028367E = {
			isa = PBXGroup;
			children = (
				71D21F07232AAEC30028367E /* GitUseExample */,
				71D21F1C232AAEC40028367E /* GitUseExampleTests */,
				71D21F27232AAEC40028367E /* GitUseExampleUITests */,
				71D21F06232AAEC30028367E /* Products */,
			);
			sourceTree = "<group>";
		};
		71D21F06232AAEC30028367E /* Products */ = {
			isa = PBXGroup;
			children = (
				71D21F05232AAEC30028367E /* GitUseExample.app */,
				71D21F19232AAEC40028367E /* GitUseExampleTests.xctest */,
				71D21F24232AAEC40028367E /* GitUseExampleUITests.xctest */,
			);
			name = Products;
			sourceTree = "<group>";
		};
		71D21F07232AAEC30028367E /* GitUseExample */ = {
			isa = PBXGroup;
			children = (
				71D21F08232AAEC30028367E /* AppDelegate.swift */,
				71D21F0A232AAEC30028367E /* ViewController.swift */,
				71D21F0C232AAEC30028367E /* Main.storyboard */,
				71D21F0F232AAEC40028367E /* Assets.xcassets */,
				71D21F11232AAEC40028367E /* LaunchScreen.storyboard */,
				71D21F14232AAEC40028367E /* Info.plist */,
			);
			path = GitUseExample;
			sourceTree = "<group>";
		};
		71D21F1C232AAEC40028367E /* GitUseExampleTests */ = {
			isa = PBXGroup;
			children = (
				71D21F1D232AAEC40028367E /* GitUseExampleTests.swift */,
				71D21F1F232AAEC40028367E /* Info.plist */,
			);
			path = GitUseExampleTests;
			sourceTree = "<group>";
		};
		71D21F27232AAEC40028367E /* GitUseExampleUITests */ = {
			isa = PBXGroup;
			children = (
				71D21F28232AAEC40028367E /* GitUseExampleUITests.swift */,
				71D21F2A232AAEC40028367E /* Info.plist */,
			);
			path = GitUseExampleUITests;
			sourceTree = "<group>";
		};
/* End PBXGroup section */

/* Begin PBXNativeTarget section */
		71D21F04232AAEC30028367E /* GitUseExample */ = {
			isa = PBXNativeTarget;
			buildConfigurationList = 71D21F2D232AAEC40028367E /* Build configuration list for PBXNativeTarget "GitUseExample" */;
			buildPhases = (
				71D21F01232AAEC30028367E /* Sources */,
				71D21F02232AAEC30028367E /* Frameworks */,
				71D21F03232AAEC30028367E /* Resources */,
			);
			buildRules = (
			);
			dependencies = (
			);
			name = GitUseExample;
			productName = GitUseExample;
			productReference = 71D21F05232AAEC30028367E /* GitUseExample.app */;
			productType = "com.apple.product-type.application";
		};
		71D21F18232AAEC40028367E /* GitUseExampleTests */ = {
			isa = PBXNativeTarget;
			buildConfigurationList = 71D21F30232AAEC40028367E /* Build configuration list for PBXNativeTarget "GitUseExampleTests" */;
			buildPhases = (
				71D21F15232AAEC40028367E /* Sources */,
				71D21F16232AAEC40028367E /* Frameworks */,
				71D21F17232AAEC40028367E /* Resources */,
			);
			buildRules = (
			);
			dependencies = (
				71D21F1B232AAEC40028367E /* PBXTargetDependency */,
			);
			name = GitUseExampleTests;
			productName = GitUseExampleTests;
			productReference = 71D21F19232AAEC40028367E /* GitUseExampleTests.xctest */;
			productType = "com.apple.product-type.bundle.unit-test";
		};
		71D21F23232AAEC40028367E /* GitUseExampleUITests */ = {
			isa = PBXNativeTarget;
			buildConfigurationList = 71D21F33232AAEC40028367E /* Build configuration list for PBXNativeTarget "GitUseExampleUITests" */;
			buildPhases = (
				71D21F20232AAEC40028367E /* Sources */,
				71D21F21232AAEC40028367E /* Frameworks */,
				71D21F22232AAEC40028367E /* Resources */,
			);
			buildRules = (
			);
			dependencies = (
				71D21F26232AAEC40028367E /* PBXTargetDependency */,
			);
			name = GitUseExampleUITests;
			productName = GitUseExampleUITests;
			productReference = 71D21F24232AAEC40028367E /* GitUseExampleUITests.xctest */;
			productType = "com.apple.product-type.bundle.ui-testing";
		};
/* End PBXNativeTarget section */

/* Begin PBXProject section */
		71D21EFD232AAEC30028367E /* Project object */ = {
			isa = PBXProject;
			attributes = {
				LastSwiftUpdateCheck = 1030;
				LastUpgradeCheck = 1030;
				ORGANIZATIONNAME = "Ryan Dishman";
				TargetAttributes = {
					71D21F04232AAEC30028367E = {
						CreatedOnToolsVersion = 10.3;
					};
					71D21F18232AAEC40028367E = {
						CreatedOnToolsVersion = 10.3;
						TestTargetID = 71D21F04232AAEC30028367E;
					};
					71D21F23232AAEC40028367E = {
						CreatedOnToolsVersion = 10.3;
						TestTargetID = 71D21F04232AAEC30028367E;
					};
				};
			};
			buildConfigurationList = 71D21F00232AAEC30028367E /* Build configuration list for PBXProject "GitUseExample" */;
			compatibilityVersion = "Xcode 9.3";
			developmentRegion = en;
			hasScannedForEncodings = 0;
			knownRegions = (
				en,
				Base,
			);
			mainGroup = 71D21EFC232AAEC30028367E;
			productRefGroup = 71D21F06232AAEC30028367E /* Products */;
			projectDirPath = "";
			projectRoot = "";
			targets = (
				71D21F04232AAEC30028367E /* GitUseExample */,
				71D21F18232AAEC40028367E /* GitUseExampleTests */,
				71D21F23232AAEC40028367E /* GitUseExampleUITests */,
			);
		};
/* End PBXProject section */

/* Begin PBXResourcesBuildPhase section */
		71D21F03232AAEC30028367E /* Resources */ = {
			isa = PBXResourcesBuildPhase;
			buildActionMask = 2147483647;
			files = (
				71D21F13232AAEC40028367E /* LaunchScreen.storyboard in Resources */,
				71D21F10232AAEC40028367E /* Assets.xcassets in Resources */,
				71D21F0E232AAEC30028367E /* Main.storyboard in Resources */,
			);
			runOnlyForDeploymentPostprocessing = 0;
		};
		71D21F17232AAEC40028367E /* Resources */ = {
			isa = PBXResourcesBuildPhase;
			buildActionMask = 2147483647;
			files = (
			);
			runOnlyForDeploymentPostprocessing = 0;
		};
		71D21F22232AAEC40028367E /* Resources */ = {
			isa = PBXResourcesBuildPhase;
			buildActionMask = 2147483647;
			files = (
			);
			runOnlyForDeploymentPostprocessing = 0;
		};
/* End PBXResourcesBuildPhase section */

/* Begin PBXSourcesBuildPhase section */
		71D21F01232AAEC30028367E /* Sources */ = {
			isa = PBXSourcesBuildPhase;
			buildActionMask = 2147483647;
			files = (
				71D21F0B232AAEC30028367E /* ViewController.swift in Sources */,
				71D21F09232AAEC30028367E /* AppDelegate.swift in Sources */,
			);
			runOnlyForDeploymentPostprocessing = 0;
		};
		71D21F15232AAEC40028367E /* Sources */ = {
			isa = PBXSourcesBuildPhase;
			buildActionMask = 2147483647;
			files = (
				71D21F1E232AAEC40028367E /* GitUseExampleTests.swift in Sources */,
			);
			runOnlyForDeploymentPostprocessing = 0;
		};
		71D21F20232AAEC40028367E /* Sources */ = {
			isa = PBXSourcesBuildPhase;
			buildActionMask = 2147483647;
			files = (
				71D21F29232AAEC40028367E /* GitUseExampleUITests.swift in Sources */,
			);
			runOnlyForDeploymentPostprocessing = 0;
		};
/* End PBXSourcesBuildPhase section */

/* Begin PBXTargetDependency section */
		71D21F1B232AAEC40028367E /* PBXTargetDependency */ = {
			isa = PBXTargetDependency;
			target = 71D21F04232AAEC30028367E /* GitUseExample */;
			targetProxy = 71D21F1A232AAEC40028367E /* PBXContainerItemProxy */;
		};
		71D21F26232AAEC40028367E /* PBXTargetDependency */ = {
			isa = PBXTargetDependency;
			target = 71D21F04232AAEC30028367E /* GitUseExample */;
			targetProxy = 71D21F25232AAEC40028367E /* PBXContainerItemProxy */;
		};
/* End PBXTargetDependency section */

/* Begin PBXVariantGroup section */
		71D21F0C232AAEC30028367E /* Main.storyboard */ = {
			isa = PBXVariantGroup;
			children = (
				71D21F0D232AAEC30028367E /* Base */,
			);
			name = Main.storyboard;
			sourceTree = "<group>";
		};
		71D21F11232AAEC40028367E /* LaunchScreen.storyboard */ = {
			isa = PBXVariantGroup;
			children = (
				71D21F12232AAEC40028367E /* Base */,
			);
			name = LaunchScreen.storyboard;
			sourceTree = "<group>";
		};
/* End PBXVariantGroup section */

/* Begin XCBuildConfiguration section */
		71D21F2B232AAEC40028367E /* Debug */ = {
			isa = XCBuildConfiguration;
			buildSettings = {
				ALWAYS_SEARCH_USER_PATHS = NO;
				CLANG_ANALYZER_NONNULL = YES;
				CLANG_ANALYZER_NUMBER_OBJECT_CONVERSION = YES_AGGRESSIVE;
				CLANG_CXX_LANGUAGE_STANDARD = "gnu++14";
				CLANG_CXX_LIBRARY = "libc++";
				CLANG_ENABLE_MODULES = YES;
				CLANG_ENABLE_OBJC_ARC = YES;
				CLANG_ENABLE_OBJC_WEAK = YES;
				CLANG_WARN_BLOCK_CAPTURE_AUTORELEASING = YES;
				CLANG_WARN_BOOL_CONVERSION = YES;
				CLANG_WARN_COMMA = YES;
				CLANG_WARN_CONSTANT_CONVERSION = YES;
				CLANG_WARN_DEPRECATED_OBJC_IMPLEMENTATIONS = YES;
				CLANG_WARN_DIRECT_OBJC_ISA_USAGE = YES_ERROR;
				CLANG_WARN_DOCUMENTATION_COMMENTS = YES;
				CLANG_WARN_EMPTY_BODY = YES;
				CLANG_WARN_ENUM_CONVERSION = YES;
				CLANG_WARN_INFINITE_RECURSION = YES;
				CLANG_WARN_INT_CONVERSION = YES;
				CLANG_WARN_NON_LITERAL_NULL_CONVERSION = YES;
				CLANG_WARN_OBJC_IMPLICIT_RETAIN_SELF = YES;
				CLANG_WARN_OBJC_LITERAL_CONVERSION = YES;
				CLANG_WARN_OBJC_ROOT_CLASS = YES_ERROR;
				CLANG_WARN_RANGE_LOOP_ANALYSIS = YES;
				CLANG_WARN_STRICT_PROTOTYPES = YES;
				CLANG_WARN_SUSPICIOUS_MOVE = YES;
				CLANG_WARN_UNGUARDED_AVAILABILITY = YES_AGGRESSIVE;
				CLANG_WARN_UNREACHABLE_CODE = YES;
				CLANG_WARN__DUPLICATE_METHOD_MATCH = YES;
				CODE_SIGN_IDENTITY = "iPhone Developer";
				COPY_PHASE_STRIP = NO;
				DEBUG_INFORMATION_FORMAT = dwarf;
				ENABLE_STRICT_OBJC_MSGSEND = YES;
				ENABLE_TESTABILITY = YES;
				GCC_C_LANGUAGE_STANDARD = gnu11;
				GCC_DYNAMIC_NO_PIC = NO;
				GCC_NO_COMMON_BLOCKS = YES;
				GCC_OPTIMIZATION_LEVEL = 0;
				GCC_PREPROCESSOR_DEFINITIONS = (
					"DEBUG=1",
					"$(inherited)",
				);
				GCC_WARN_64_TO_32_BIT_CONVERSION = YES;
				GCC_WARN_ABOUT_RETURN_TYPE = YES_ERROR;
				GCC_WARN_UNDECLARED_SELECTOR = YES;
				GCC_WARN_UNINITIALIZED_AUTOS = YES_AGGRESSIVE;
				GCC_WARN_UNUSED_FUNCTION = YES;
				GCC_WARN_UNUSED_VARIABLE = YES;
				IPHONEOS_DEPLOYMENT_TARGET = 12.4;
				MTL_ENABLE_DEBUG_INFO = INCLUDE_SOURCE;
				MTL_FAST_MATH = YES;
				ONLY_ACTIVE_ARCH = YES;
				SDKROOT = iphoneos;
				SWIFT_ACTIVE_COMPILATION_CONDITIONS = DEBUG;
				SWIFT_OPTIMIZATION_LEVEL = "-Onone";
			};
			name = Debug;
		};
		71D21F2C232AAEC40028367E /* Release */ = {
			isa = XCBuildConfiguration;
			buildSettings = {
				ALWAYS_SEARCH_USER_PATHS = NO;
				CLANG_ANALYZER_NONNULL = YES;
				CLANG_ANALYZER_NUMBER_OBJECT_CONVERSION = YES_AGGRESSIVE;
				CLANG_CXX_LANGUAGE_STANDARD = "gnu++14";
				CLANG_CXX_LIBRARY = "libc++";
				CLANG_ENABLE_MODULES = YES;
				CLANG_ENABLE_OBJC_ARC = YES;
				CLANG_ENABLE_OBJC_WEAK = YES;
				CLANG_WARN_BLOCK_CAPTURE_AUTORELEASING = YES;
				CLANG_WARN_BOOL_CONVERSION = YES;
				CLANG_WARN_COMMA = YES;
				CLANG_WARN_CONSTANT_CONVERSION = YES;
				CLANG_WARN_DEPRECATED_OBJC_IMPLEMENTATIONS = YES;
				CLANG_WARN_DIRECT_OBJC_ISA_USAGE = YES_ERROR;
				CLANG_WARN_DOCUMENTATION_COMMENTS = YES;
				CLANG_WARN_EMPTY_BODY = YES;
				CLANG_WARN_ENUM_CONVERSION = YES;
				CLANG_WARN_INFINITE_RECURSION = YES;
				CLANG_WARN_INT_CONVERSION = YES;
				CLANG_WARN_NON_LITERAL_NULL_CONVERSION = YES;
				CLANG_WARN_OBJC_IMPLICIT_RETAIN_SELF = YES;
				CLANG_WARN_OBJC_LITERAL_CONVERSION = YES;
				CLANG_WARN_OBJC_ROOT_CLASS = YES_ERROR;
				CLANG_WARN_RANGE_LOOP_ANALYSIS = YES;
				CLANG_WARN_STRICT_PROTOTYPES = YES;
				CLANG_WARN_SUSPICIOUS_MOVE = YES;
				CLANG_WARN_UNGUARDED_AVAILABILITY = YES_AGGRESSIVE;
				CLANG_WARN_UNREACHABLE_CODE = YES;
				CLANG_WARN__DUPLICATE_METHOD_MATCH = YES;
				CODE_SIGN_IDENTITY = "iPhone Developer";
				COPY_PHASE_STRIP = NO;
				DEBUG_INFORMATION_FORMAT = "dwarf-with-dsym";
				ENABLE_NS_ASSERTIONS = NO;
				ENABLE_STRICT_OBJC_MSGSEND = YES;
				GCC_C_LANGUAGE_STANDARD = gnu11;
				GCC_NO_COMMON_BLOCKS = YES;
				GCC_WARN_64_TO_32_BIT_CONVERSION = YES;
				GCC_WARN_ABOUT_RETURN_TYPE = YES_ERROR;
				GCC_WARN_UNDECLARED_SELECTOR = YES;
				GCC_WARN_UNINITIALIZED_AUTOS = YES_AGGRESSIVE;
				GCC_WARN_UNUSED_FUNCTION = YES;
				GCC_WARN_UNUSED_VARIABLE = YES;
				IPHONEOS_DEPLOYMENT_TARGET = 12.4;
				MTL_ENABLE_DEBUG_INFO = NO;
				MTL_FAST_MATH = YES;
				SDKROOT = iphoneos;
				SWIFT_COMPILATION_MODE = wholemodule;
				SWIFT_OPTIMIZATION_LEVEL = "-O";
				VALIDATE_PRODUCT = YES;
			};
			name = Release;
		};
		71D21F2E232AAEC40028367E /* Debug */ = {
			isa = XCBuildConfiguration;
			buildSettings = {
				ASSETCATALOG_COMPILER_APPICON_NAME = AppIcon;
				CODE_SIGN_STYLE = Automatic;
				INFOPLIST_FILE = GitUseExample/Info.plist;
				LD_RUNPATH_SEARCH_PATHS = (
					"$(inherited)",
					"@executable_path/Frameworks",
				);
				PRODUCT_BUNDLE_IDENTIFIER = RD.GitUseExample;
				PRODUCT_NAME = "$(TARGET_NAME)";
				SWIFT_VERSION = 5.0;
				TARGETED_DEVICE_FAMILY = "1,2";
			};
			name = Debug;
		};
		71D21F2F232AAEC40028367E /* Release */ = {
			isa = XCBuildConfiguration;
			buildSettings = {
				ASSETCATALOG_COMPILER_APPICON_NAME = AppIcon;
				CODE_SIGN_STYLE = Automatic;
				INFOPLIST_FILE = GitUseExample/Info.plist;
				LD_RUNPATH_SEARCH_PATHS = (
					"$(inherited)",
					"@executable_path/Frameworks",
				);
				PRODUCT_BUNDLE_IDENTIFIER = RD.GitUseExample;
				PRODUCT_NAME = "$(TARGET_NAME)";
				SWIFT_VERSION = 5.0;
				TARGETED_DEVICE_FAMILY = "1,2";
			};
			name = Release;
		};
		71D21F31232AAEC40028367E /* Debug */ = {
			isa = XCBuildConfiguration;
			buildSettings = {
				ALWAYS_EMBED_SWIFT_STANDARD_LIBRARIES = YES;
				BUNDLE_LOADER = "$(TEST_HOST)";
				CODE_SIGN_STYLE = Automatic;
				INFOPLIST_FILE = GitUseExampleTests/Info.plist;
				LD_RUNPATH_SEARCH_PATHS = (
					"$(inherited)",
					"@executable_path/Frameworks",
					"@loader_path/Frameworks",
				);
				PRODUCT_BUNDLE_IDENTIFIER = RD.GitUseExampleTests;
				PRODUCT_NAME = "$(TARGET_NAME)";
				SWIFT_VERSION = 5.0;
				TARGETED_DEVICE_FAMILY = "1,2";
				TEST_HOST = "$(BUILT_PRODUCTS_DIR)/GitUseExample.app/GitUseExample";
			};
			name = Debug;
		};
		71D21F32232AAEC40028367E /* Release */ = {
			isa = XCBuildConfiguration;
			buildSettings = {
				ALWAYS_EMBED_SWIFT_STANDARD_LIBRARIES = YES;
				BUNDLE_LOADER = "$(TEST_HOST)";
				CODE_SIGN_STYLE = Automatic;
				INFOPLIST_FILE = GitUseExampleTests/Info.plist;
				LD_RUNPATH_SEARCH_PATHS = (
					"$(inherited)",
					"@executable_path/Frameworks",
					"@loader_path/Frameworks",
				);
				PRODUCT_BUNDLE_IDENTIFIER = RD.GitUseExampleTests;
				PRODUCT_NAME = "$(TARGET_NAME)";
				SWIFT_VERSION = 5.0;
				TARGETED_DEVICE_FAMILY = "1,2";
				TEST_HOST = "$(BUILT_PRODUCTS_DIR)/GitUseExample.app/GitUseExample";
			};
			name = Release;
		};
		71D21F34232AAEC40028367E /* Debug */ = {
			isa = XCBuildConfiguration;
			buildSettings = {
				ALWAYS_EMBED_SWIFT_STANDARD_LIBRARIES = YES;
				CODE_SIGN_STYLE = Automatic;
				INFOPLIST_FILE = GitUseExampleUITests/Info.plist;
				LD_RUNPATH_SEARCH_PATHS = (
					"$(inherited)",
					"@executable_path/Frameworks",
					"@loader_path/Frameworks",
				);
				PRODUCT_BUNDLE_IDENTIFIER = RD.GitUseExampleUITests;
				PRODUCT_NAME = "$(TARGET_NAME)";
				SWIFT_VERSION = 5.0;
				TARGETED_DEVICE_FAMILY = "1,2";
				TEST_TARGET_NAME = GitUseExample;
			};
			name = Debug;
		};
		71D21F35232AAEC40028367E /* Release */ = {
			isa = XCBuildConfiguration;
			buildSettings = {
				ALWAYS_EMBED_SWIFT_STANDARD_LIBRARIES = YES;
				CODE_SIGN_STYLE = Automatic;
				INFOPLIST_FILE = GitUseExampleUITests/Info.plist;
				LD_RUNPATH_SEARCH_PATHS = (
					"$(inherited)",
					"@executable_path/Frameworks",
					"@loader_path/Frameworks",
				);
				PRODUCT_BUNDLE_IDENTIFIER = RD.GitUseExampleUITests;
				PRODUCT_NAME = "$(TARGET_NAME)";
				SWIFT_VERSION = 5.0;
				TARGETED_DEVICE_FAMILY = "1,2";
				TEST_TARGET_NAME = GitUseExample;
			};
			name = Release;
		};
/* End XCBuildConfiguration section */

/* Begin XCConfigurationList section */
		71D21F00232AAEC30028367E /* Build configuration list for PBXProject "GitUseExample" */ = {
			isa = XCConfigurationList;
			buildConfigurations = (
				71D21F2B232AAEC40028367E /* Debug */,
				71D21F2C232AAEC40028367E /* Release */,
			);
			defaultConfigurationIsVisible = 0;
			defaultConfigurationName = Release;
		};
		71D21F2D232AAEC40028367E /* Build configuration list for PBXNativeTarget "GitUseExample" */ = {
			isa = XCConfigurationList;
			buildConfigurations = (
				71D21F2E232AAEC40028367E /* Debug */,
				71D21F2F232AAEC40028367E /* Release */,
			);
			defaultConfigurationIsVisible = 0;
			defaultConfigurationName = Release;
		};
		71D21F30232AAEC40028367E /* Build configuration list for PBXNativeTarget "GitUseExampleTests" */ = {
			isa = XCConfigurationList;
			buildConfigurations = (
				71D21F31232AAEC40028367E /* Debug */,
				71D21F32232AAEC40028367E /* Release */,
			);
			defaultConfigurationIsVisible = 0;
			defaultConfigurationName = Release;
		};
		71D21F33232AAEC40028367E /* Build configuration list for PBXNativeTarget "GitUseExampleUITests" */ = {
			isa = XCConfigurationList;
			buildConfigurations = (
				71D21F34232AAEC40028367E /* Debug */,
				71D21F35232AAEC40028367E /* Release */,
			);
			defaultConfigurationIsVisible = 0;
			defaultConfigurationName = Release;
		};
/* End XCConfigurationList section */
	};
	rootObject = 71D21EFD232AAEC30028367E /* Project object */;
}
